
Microsoft Visual Studio Solution File, Format Version 12.00
# Visual Studio Version 16
VisualStudioVersion = 16.0.31205.134
MinimumVisualStudioVersion = 10.0.40219.1
Project("{FAE04EC0-301F-11D3-BF4B-00C04F79EFBC}") = "codemetricsdiff", "codemetricsdiff.csproj", "{10D51C97-FEA6-48DE-A3E0-08111F03885D}"
EndProject
Global
	GlobalSection(SolutionConfigurationPlatforms) = preSolution
		Debug|Any CPU = Debug|Any CPU
		Release|Any CPU = Release|Any CPU
	EndGlobalSection
	GlobalSection(ProjectConfigurationPlatforms) = postSolution
		{10D51C97-FEA6-48DE-A3E0-08111F03885D}.Debug|Any CPU.ActiveCfg = Debug|Any CPU
		{10D51C97-FEA6-48DE-A3E0-08111F03885D}.Debug|Any CPU.Build.0 = Debug|Any CPU
		{10D51C97-FEA6-48DE-A3E0-08111F03885D}.Release|Any CPU.ActiveCfg = Release|Any CPU
		{10D51C97-FEA6-48DE-A3E0-08111F03885D}.Release|Any CPU.Build.0 = Release|Any CPU
	EndGlobalSection
	GlobalSection(SolutionProperties) = preSolution
		HideSolutionNode = FALSE
	EndGlobalSection
	GlobalSection(ExtensibilityGlobals) = postSolution
		SolutionGuid = {EF9ABE6A-5F0C-4BC5-BD3A-E3BB39AB0F72}
	EndGlobalSection
EndGlobal
